
Microsoft Visual Studio Solution File, Format Version 11.00
# Visual Studio 2010
Project("{FAE04EC0-301F-11D3-BF4B-00C04F79EFBC}") = "HolisticWare.MobileBindings.NewRelic.MA", "HolisticWare.MobileBindings.NewRelic.MA\HolisticWare.MobileBindings.NewRelic.MA.csproj", "{46303AA6-FD25-4A84-9BBB-27DA088A0F4B}"
EndProject
Project("{FAE04EC0-301F-11D3-BF4B-00C04F79EFBC}") = "XSample.NewRelic.MA.EXE", "XSample.NewRelic.MA.EXE\XSample.NewRelic.MA.EXE.csproj", "{7911F91A-9966-421C-B417-85774FCE3EDC}"
EndProject
Global
	GlobalSection(SolutionConfigurationPlatforms) = preSolution
		Debug|Any CPU = Debug|Any CPU
		Release|Any CPU = Release|Any CPU
	EndGlobalSection
	GlobalSection(ProjectConfigurationPlatforms) = postSolution
		{46303AA6-FD25-4A84-9BBB-27DA088A0F4B}.Debug|Any CPU.ActiveCfg = Debug|Any CPU
		{46303AA6-FD25-4A84-9BBB-27DA088A0F4B}.Debug|Any CPU.Build.0 = Debug|Any CPU
		{46303AA6-FD25-4A84-9BBB-27DA088A0F4B}.Release|Any CPU.ActiveCfg = Release|Any CPU
		{46303AA6-FD25-4A84-9BBB-27DA088A0F4B}.Release|Any CPU.Build.0 = Release|Any CPU
		{7911F91A-9966-421C-B417-85774FCE3EDC}.Debug|Any CPU.ActiveCfg = Debug|Any CPU
		{7911F91A-9966-421C-B417-85774FCE3EDC}.Debug|Any CPU.Build.0 = Debug|Any CPU
		{7911F91A-9966-421C-B417-85774FCE3EDC}.Debug|Any CPU.Deploy.0 = Debug|Any CPU
		{7911F91A-9966-421C-B417-85774FCE3EDC}.Release|Any CPU.ActiveCfg = Release|Any CPU
		{7911F91A-9966-421C-B417-85774FCE3EDC}.Release|Any CPU.Build.0 = Release|Any CPU
		{7911F91A-9966-421C-B417-85774FCE3EDC}.Release|Any CPU.Deploy.0 = Release|Any CPU
	EndGlobalSection
	GlobalSection(SolutionProperties) = preSolution
		HideSolutionNode = FALSE
	EndGlobalSection
	GlobalSection(MonoDevelopProperties) = preSolution
		StartupItem = HolisticWare.MobileBindings.NewRelic.MA\HolisticWare.MobileBindings.NewRelic.MA.csproj
	EndGlobalSection
EndGlobal
